
Microsoft Visual Studio Solution File, Format Version 12.00
# Visual Studio Version 16
VisualStudioVersion = 16.0.31321.278
MinimumVisualStudioVersion = 10.0.40219.1
Project("{FAE04EC0-301F-11D3-BF4B-00C04F79EFBC}") = "vs-2019-github-ux", "vs-2019-github-ux\vs-2019-github-ux.csproj", "{D54E1850-1873-44D9-B64B-940E108F3EFC}"
EndProject
Global
	GlobalSection(SolutionConfigurationPlatforms) = preSolution
		Debug|Any CPU = Debug|Any CPU
		Release|Any CPU = Release|Any CPU
	EndGlobalSection
	GlobalSection(ProjectConfigurationPlatforms) = postSolution
		{D54E1850-1873-44D9-B64B-940E108F3EFC}.Debug|Any CPU.ActiveCfg = Debug|Any CPU
		{D54E1850-1873-44D9-B64B-940E108F3EFC}.Debug|Any CPU.Build.0 = Debug|Any CPU
		{D54E1850-1873-44D9-B64B-940E108F3EFC}.Release|Any CPU.ActiveCfg = Release|Any CPU
		{D54E1850-1873-44D9-B64B-940E108F3EFC}.Release|Any CPU.Build.0 = Release|Any CPU
	EndGlobalSection
	GlobalSection(SolutionProperties) = preSolution
		HideSolutionNode = FALSE
	EndGlobalSection
	GlobalSection(ExtensibilityGlobals) = postSolution
		SolutionGuid = {6AC12719-31ED-46D1-B82B-0BFC7F546370}
	EndGlobalSection
EndGlobal
